
Microsoft Visual Studio Solution File, Format Version 12.00
# Visual Studio Version 16
VisualStudioVersion = 16.0.29503.13
MinimumVisualStudioVersion = 10.0.40219.1
Project("{FAE04EC0-301F-11D3-BF4B-00C04F79EFBC}") = "CardGame", "CardGame\CardGame.csproj", "{CF826CD1-94A9-4349-9701-BAB4A44EDF97}"
EndProject
Global
	GlobalSection(SolutionConfigurationPlatforms) = preSolution
		Debug|Any CPU = Debug|Any CPU
		Release|Any CPU = Release|Any CPU
	EndGlobalSection
	GlobalSection(ProjectConfigurationPlatforms) = postSolution
		{CF826CD1-94A9-4349-9701-BAB4A44EDF97}.Debug|Any CPU.ActiveCfg = Debug|Any CPU
		{CF826CD1-94A9-4349-9701-BAB4A44EDF97}.Debug|Any CPU.Build.0 = Debug|Any CPU
		{CF826CD1-94A9-4349-9701-BAB4A44EDF97}.Release|Any CPU.ActiveCfg = Release|Any CPU
		{CF826CD1-94A9-4349-9701-BAB4A44EDF97}.Release|Any CPU.Build.0 = Release|Any CPU
	EndGlobalSection
	GlobalSection(SolutionProperties) = preSolution
		HideSolutionNode = FALSE
	EndGlobalSection
	GlobalSection(ExtensibilityGlobals) = postSolution
		SolutionGuid = {9C19500B-3FA6-486F-9F74-E4ADD8E61B26}
	EndGlobalSection
EndGlobal
